Microsoft Visual Studio Solution File, Format Version 11.00
# Visual Studio 2010
Project("{FAE04EC0-301F-11D3-BF4B-00C04F79EFBC}") = "Assembly-CSharp", "Assembly-CSharp.csproj", "{1F7B5765-126E-6AF5-AE7D-66D8104303AE}"
EndProject
Project("{FAE04EC0-301F-11D3-BF4B-00C04F79EFBC}") = "Assembly-CSharp-Editor", "Assembly-CSharp-Editor.csproj", "{4F540593-73EA-0431-CC02-09F9DC41724C}"
EndProject
Global
	GlobalSection(SolutionConfigurationPlatforms) = preSolution
		Debug|Any CPU = Debug|Any CPU
		Release|Any CPU = Release|Any CPU
	EndGlobalSection
	GlobalSection(ProjectConfigurationPlatforms) = postSolution
		{1F7B5765-126E-6AF5-AE7D-66D8104303AE}.Debug|Any CPU.ActiveCfg = Debug|Any CPU
		{1F7B5765-126E-6AF5-AE7D-66D8104303AE}.Debug|Any CPU.Build.0 = Debug|Any CPU
		{1F7B5765-126E-6AF5-AE7D-66D8104303AE}.Release|Any CPU.ActiveCfg = Release|Any CPU
		{1F7B5765-126E-6AF5-AE7D-66D8104303AE}.Release|Any CPU.Build.0 = Release|Any CPU
		{4F540593-73EA-0431-CC02-09F9DC41724C}.Debug|Any CPU.ActiveCfg = Debug|Any CPU
		{4F540593-73EA-0431-CC02-09F9DC41724C}.Debug|Any CPU.Build.0 = Debug|Any CPU
		{4F540593-73EA-0431-CC02-09F9DC41724C}.Release|Any CPU.ActiveCfg = Release|Any CPU
		{4F540593-73EA-0431-CC02-09F9DC41724C}.Release|Any CPU.Build.0 = Release|Any CPU
	EndGlobalSection
	GlobalSection(SolutionProperties) = preSolution
		HideSolutionNode = FALSE
	EndGlobalSection
EndGlobal
